# This file is autogenerated, do not edit; changes may be undone by the next 'dep ensure'.


[[projects]]
  name = "github.com/akerl/go-lambda"
  packages = [
    "apigw/events",
    "apigw/router"
  ]
  revision = "cb0b8dfc9c008a603f6e95cdb8fb4f339ec3ce7c"
  version = "0.0.2"

[[projects]]
  name = "github.com/aws/aws-lambda-go"
  packages = [
    "events",
    "lambda",
    "lambda/messages",
    "lambdacontext"
  ]
  revision = "fafa7e49388b8991caf99308e80655ba91816b72"
  version = "v1.1.0"

[solve-meta]
  analyzer-name = "dep"
  analyzer-version = 1
  inputs-digest = "49c3c7b6babac9f1b557ce23353b3bb70d157bd5894e479f4e965ba3ff662132"
  solver-name = "gps-cdcl"
  solver-version = 1
